
Microsoft Visual Studio Solution File, Format Version 12.00
# Visual Studio Version 17
VisualStudioVersion = 17.8.34309.116
MinimumVisualStudioVersion = 10.0.40219.1
Project("{FAE04EC0-301F-11D3-BF4B-00C04F79EFBC}") = "XunitTestAPI", "XunitTestAPI\XunitTestAPI.csproj", "{7FD587B9-5792-4562-A7C5-CAFBDB08CA0B}"
EndProject
Project("{FAE04EC0-301F-11D3-BF4B-00C04F79EFBC}") = "XunitTestAPI.Tests", "XunitTestAPI.Tests\XunitTestAPI.Tests.csproj", "{9400A210-DA9B-4EE7-9441-273949C7D22D}"
EndProject
Global
	GlobalSection(SolutionConfigurationPlatforms) = preSolution
		Debug|Any CPU = Debug|Any CPU
		Release|Any CPU = Release|Any CPU
	EndGlobalSection
	GlobalSection(ProjectConfigurationPlatforms) = postSolution
		{7FD587B9-5792-4562-A7C5-CAFBDB08CA0B}.Debug|Any CPU.ActiveCfg = Debug|Any CPU
		{7FD587B9-5792-4562-A7C5-CAFBDB08CA0B}.Debug|Any CPU.Build.0 = Debug|Any CPU
		{7FD587B9-5792-4562-A7C5-CAFBDB08CA0B}.Release|Any CPU.ActiveCfg = Release|Any CPU
		{7FD587B9-5792-4562-A7C5-CAFBDB08CA0B}.Release|Any CPU.Build.0 = Release|Any CPU
		{9400A210-DA9B-4EE7-9441-273949C7D22D}.Debug|Any CPU.ActiveCfg = Debug|Any CPU
		{9400A210-DA9B-4EE7-9441-273949C7D22D}.Debug|Any CPU.Build.0 = Debug|Any CPU
		{9400A210-DA9B-4EE7-9441-273949C7D22D}.Release|Any CPU.ActiveCfg = Release|Any CPU
		{9400A210-DA9B-4EE7-9441-273949C7D22D}.Release|Any CPU.Build.0 = Release|Any CPU
	EndGlobalSection
	GlobalSection(SolutionProperties) = preSolution
		HideSolutionNode = FALSE
	EndGlobalSection
	GlobalSection(ExtensibilityGlobals) = postSolution
		SolutionGuid = {99142CF2-AD1E-423E-AAC7-67D62C4C7A3A}
	EndGlobalSection
EndGlobal
